version: 4
environments:
  default:
    channels:
    - url: https://conda.anaconda.org/conda-forge/
    packages:
      linux-64:
      - conda: https://conda.anaconda.org/conda-forge/linux-64/_libgcc_mutex-0.1-conda_forge.tar.bz2
      - conda: https://conda.anaconda.org/conda-forge/linux-64/_openmp_mutex-4.5-2_gnu.tar.bz2
      - conda: https://conda.anaconda.org/conda-forge/linux-64/binutils-2.40-hdd6e379_0.conda
      - conda: https://conda.anaconda.org/conda-forge/linux-64/binutils_impl_linux-64-2.40-hf600244_0.conda
      - conda: https://conda.anaconda.org/conda-forge/linux-64/binutils_linux-64-2.40-hdade7a5_3.conda
      - conda: https://conda.anaconda.org/conda-forge/linux-64/bzip2-1.0.8-hd590300_5.conda
      - conda: https://conda.anaconda.org/conda-forge/linux-64/c-compiler-1.7.0-hd590300_0.conda
      - conda: https://conda.anaconda.org/conda-forge/linux-64/ca-certificates-2024.2.2-hbcca054_0.conda
      - conda: https://conda.anaconda.org/conda-forge/linux-64/cffi-1.16.0-py312hf06ca03_0.conda
      - conda: https://conda.anaconda.org/conda-forge/linux-64/cxx-compiler-1.7.0-h00ab1b0_0.conda
      - conda: https://conda.anaconda.org/conda-forge/linux-64/gcc-12.3.0-h95e488c_3.conda
      - conda: https://conda.anaconda.org/conda-forge/linux-64/gcc_impl_linux-64-12.3.0-he2b93b0_5.conda
      - conda: https://conda.anaconda.org/conda-forge/linux-64/gcc_linux-64-12.3.0-h6477408_3.conda
      - conda: https://conda.anaconda.org/conda-forge/linux-64/gxx-12.3.0-h95e488c_3.conda
      - conda: https://conda.anaconda.org/conda-forge/linux-64/gxx_impl_linux-64-12.3.0-he2b93b0_5.conda
      - conda: https://conda.anaconda.org/conda-forge/linux-64/gxx_linux-64-12.3.0-h4a1b8e8_3.conda
      - conda: https://conda.anaconda.org/conda-forge/linux-64/ld_impl_linux-64-2.40-h41732ed_0.conda
      - conda: https://conda.anaconda.org/conda-forge/linux-64/libexpat-2.6.1-h59595ed_0.conda
      - conda: https://conda.anaconda.org/conda-forge/linux-64/libffi-3.4.2-h7f98852_5.tar.bz2
      - conda: https://conda.anaconda.org/conda-forge/linux-64/libgcc-ng-13.2.0-h807b86a_5.conda
      - conda: https://conda.anaconda.org/conda-forge/linux-64/libgomp-13.2.0-h807b86a_5.conda
      - conda: https://conda.anaconda.org/conda-forge/linux-64/libnsl-2.0.1-hd590300_0.conda
      - conda: https://conda.anaconda.org/conda-forge/linux-64/libsanitizer-12.3.0-h0f45ef3_5.conda
      - conda: https://conda.anaconda.org/conda-forge/linux-64/libsqlite-3.45.1-h2797004_0.conda
      - conda: https://conda.anaconda.org/conda-forge/linux-64/libstdcxx-ng-13.2.0-h7e041cc_5.conda
      - conda: https://conda.anaconda.org/conda-forge/linux-64/libuuid-2.38.1-h0b41bf4_0.conda
      - conda: https://conda.anaconda.org/conda-forge/linux-64/libxcrypt-4.4.36-hd590300_1.conda
      - conda: https://conda.anaconda.org/conda-forge/linux-64/libzlib-1.2.13-hd590300_5.conda
      - conda: https://conda.anaconda.org/conda-forge/linux-64/ncurses-6.4-h59595ed_2.conda
      - conda: https://conda.anaconda.org/conda-forge/linux-64/ninja-1.11.1-h924138e_0.conda
      - conda: https://conda.anaconda.org/conda-forge/linux-64/openssl-3.2.1-hd590300_0.conda
      - conda: https://conda.anaconda.org/conda-forge/linux-64/python-3.12.2-hab00c5b_0_cpython.conda
      - conda: https://conda.anaconda.org/conda-forge/linux-64/python_abi-3.12-4_cp312.conda
      - conda: https://conda.anaconda.org/conda-forge/linux-64/pyyaml-6.0.1-py312h98912ed_1.conda
      - conda: https://conda.anaconda.org/conda-forge/linux-64/readline-8.2-h8228510_1.conda
      - conda: https://conda.anaconda.org/conda-forge/linux-64/tk-8.6.13-noxft_h4845f30_101.conda
      - conda: https://conda.anaconda.org/conda-forge/linux-64/ukkonen-1.0.1-py312h8572e83_4.conda
      - conda: https://conda.anaconda.org/conda-forge/linux-64/xz-5.2.6-h166bdaf_0.tar.bz2
      - conda: https://conda.anaconda.org/conda-forge/linux-64/yaml-0.2.5-h7f98852_2.tar.bz2
      - conda: https://conda.anaconda.org/conda-forge/noarch/cfgv-3.3.1-pyhd8ed1ab_0.tar.bz2
      - conda: https://conda.anaconda.org/conda-forge/noarch/distlib-0.3.8-pyhd8ed1ab_0.conda
      - conda: https://conda.anaconda.org/conda-forge/noarch/filelock-3.13.1-pyhd8ed1ab_0.conda
      - conda: https://conda.anaconda.org/conda-forge/noarch/identify-2.5.35-pyhd8ed1ab_0.conda
      - conda: https://conda.anaconda.org/conda-forge/noarch/kernel-headers_linux-64-2.6.32-he073ed8_17.conda
      - conda: https://conda.anaconda.org/conda-forge/noarch/libgcc-devel_linux-64-12.3.0-h8bca6fd_105.conda
      - conda: https://conda.anaconda.org/conda-forge/noarch/libstdcxx-devel_linux-64-12.3.0-h8bca6fd_105.conda
      - conda: https://conda.anaconda.org/conda-forge/noarch/meson-1.3.2-pyhd8ed1ab_0.conda
      - conda: https://conda.anaconda.org/conda-forge/noarch/nodeenv-1.8.0-pyhd8ed1ab_0.conda
      - conda: https://conda.anaconda.org/conda-forge/noarch/platformdirs-4.2.0-pyhd8ed1ab_0.conda
      - conda: https://conda.anaconda.org/conda-forge/noarch/pre-commit-3.6.2-pyha770c72_0.conda
      - conda: https://conda.anaconda.org/conda-forge/noarch/pycparser-2.21-pyhd8ed1ab_0.tar.bz2
      - conda: https://conda.anaconda.org/conda-forge/noarch/setuptools-69.1.1-pyhd8ed1ab_0.conda
      - conda: https://conda.anaconda.org/conda-forge/noarch/sysroot_linux-64-2.12-he073ed8_17.conda
      - conda: https://conda.anaconda.org/conda-forge/noarch/tzdata-2024a-h0c530f3_0.conda
      - conda: https://conda.anaconda.org/conda-forge/noarch/virtualenv-20.25.1-pyhd8ed1ab_0.conda
packages:
- kind: conda
  name: _libgcc_mutex
  version: '0.1'
  build: conda_forge
  subdir: linux-64
  url: https://conda.anaconda.org/conda-forge/linux-64/_libgcc_mutex-0.1-conda_forge.tar.bz2
  sha256: fe51de6107f9edc7aa4f786a70f4a883943bc9d39b3bb7307c04c41410990726
  md5: d7c89558ba9fa0495403155b64376d81
  license: None
  size: 2562
  timestamp: 1578324546067
- kind: conda
  name: _openmp_mutex
  version: '4.5'
  build: 2_gnu
  build_number: 16
  subdir: linux-64
  url: https://conda.anaconda.org/conda-forge/linux-64/_openmp_mutex-4.5-2_gnu.tar.bz2
  sha256: fbe2c5e56a653bebb982eda4876a9178aedfc2b545f25d0ce9c4c0b508253d22
  md5: 73aaf86a425cc6e73fcf236a5a46396d
  depends:
  - _libgcc_mutex 0.1 conda_forge
  - libgomp >=7.5.0
  constrains:
  - openmp_impl 9999
  license: BSD-3-Clause
  license_family: BSD
  size: 23621
  timestamp: 1650670423406
- kind: conda
  name: binutils
  version: '2.40'
  build: hdd6e379_0
  subdir: linux-64
  url: https://conda.anaconda.org/conda-forge/linux-64/binutils-2.40-hdd6e379_0.conda
  sha256: 35f3b042f295fd7387de11cf426ca8ee5257e5c98b88560c6c5ad4ef3c85d38c
  md5: ccc940fddbc3fcd3d79cd4c654c4b5c4
  depends:
  - binutils_impl_linux-64 >=2.40,<2.41.0a0
  license: GPL-3.0-only
  license_family: GPL
  size: 30469
  timestamp: 1674833987166
- kind: conda
  name: binutils_impl_linux-64
  version: '2.40'
  build: hf600244_0
  subdir: linux-64
  url: https://conda.anaconda.org/conda-forge/linux-64/binutils_impl_linux-64-2.40-hf600244_0.conda
  sha256: a7e0ea2b71a5b03d82e5a58fb6b612ab1c44d72ce161f9aa441f7ba467cd4c8d
  md5: 33084421a8c0af6aef1b439707f7662a
  depends:
  - ld_impl_linux-64 2.40 h41732ed_0
  - sysroot_linux-64
  license: GPL-3.0-only
  license_family: GPL
  size: 5414922
  timestamp: 1674833958334
- kind: conda
  name: binutils_linux-64
  version: '2.40'
  build: hdade7a5_3
  build_number: 3
  subdir: linux-64
  url: https://conda.anaconda.org/conda-forge/linux-64/binutils_linux-64-2.40-hdade7a5_3.conda
  sha256: d114b825acef51c1d065ca0a17f97e0e856c48765aecf2f8f164935635013dd2
  md5: 2d9a60578bc28469d9aeef9aea5520c3
  depends:
  - binutils_impl_linux-64 2.40.*
  - sysroot_linux-64
  license: BSD-3-Clause
  license_family: BSD
  size: 28868
  timestamp: 1710259805994
- kind: conda
  name: bzip2
  version: 1.0.8
  build: hd590300_5
  build_number: 5
  subdir: linux-64
  url: https://conda.anaconda.org/conda-forge/linux-64/bzip2-1.0.8-hd590300_5.conda
  sha256: 242c0c324507ee172c0e0dd2045814e746bb303d1eb78870d182ceb0abc726a8
  md5: 69b8b6202a07720f448be700e300ccf4
  depends:
  - libgcc-ng >=12
  license: bzip2-1.0.6
  license_family: BSD
  size: 254228
  timestamp: 1699279927352
- kind: conda
  name: c-compiler
  version: 1.7.0
  build: hd590300_0
  subdir: linux-64
  url: https://conda.anaconda.org/conda-forge/linux-64/c-compiler-1.7.0-hd590300_0.conda
  sha256: 19343f6cdefd0a2e36c4f0da81ed9ea964e5b4e82a2304809afd8f151bf2ac8c
  md5: fad1d0a651bf929c6c16fbf1f6ccfa7c
  depends:
  - binutils
  - gcc
  - gcc_linux-64 12.*
  license: BSD
  size: 6287
  timestamp: 1701505302633
- kind: conda
  name: ca-certificates
  version: 2024.2.2
  build: hbcca054_0
  subdir: linux-64
  url: https://conda.anaconda.org/conda-forge/linux-64/ca-certificates-2024.2.2-hbcca054_0.conda
  sha256: 91d81bfecdbb142c15066df70cc952590ae8991670198f92c66b62019b251aeb
  md5: 2f4327a1cbe7f022401b236e915a5fef
  license: ISC
  size: 155432
  timestamp: 1706843687645
- kind: conda
  name: cffi
  version: 1.16.0
  build: py312hf06ca03_0
  subdir: linux-64
  url: https://conda.anaconda.org/conda-forge/linux-64/cffi-1.16.0-py312hf06ca03_0.conda
  sha256: 5a36e2c254603c367d26378fa3a205bd92263e30acf195f488749562b4c44251
  md5: 56b0ca764ce23cc54f3f7e2a7b970f6d
  depends:
  - libffi >=3.4,<4.0a0
  - libgcc-ng >=12
  - pycparser
  - python >=3.12.0rc3,<3.13.0a0
  - python_abi 3.12.* *_cp312
  license: MIT
  license_family: MIT
  size: 294523
  timestamp: 1696001868949
- kind: conda
  name: cfgv
  version: 3.3.1
  build: pyhd8ed1ab_0
  subdir: noarch
  noarch: python
  url: https://conda.anaconda.org/conda-forge/noarch/cfgv-3.3.1-pyhd8ed1ab_0.tar.bz2
  sha256: fbc03537a27ef756162c49b1d0608bf7ab12fa5e38ceb8563d6f4859e835ac5c
  md5: ebb5f5f7dc4f1a3780ef7ea7738db08c
  depends:
  - python >=3.6.1
  license: MIT
  license_family: MIT
  size: 10788
  timestamp: 1629909423398
- kind: conda
  name: cxx-compiler
  version: 1.7.0
  build: h00ab1b0_0
  subdir: linux-64
  url: https://conda.anaconda.org/conda-forge/linux-64/cxx-compiler-1.7.0-h00ab1b0_0.conda
  sha256: 9278c12ed455a39a50d908381786540c9fd1627e4489dca9638b3e222c86d3f7
  md5: b4537c98cb59f8725b0e1e65816b4a28
  depends:
  - c-compiler 1.7.0 hd590300_0
  - gxx
  - gxx_linux-64 12.*
  license: BSD
  size: 6262
  timestamp: 1701505307165
- kind: conda
  name: distlib
  version: 0.3.8
  build: pyhd8ed1ab_0
  subdir: noarch
  noarch: python
  url: https://conda.anaconda.org/conda-forge/noarch/distlib-0.3.8-pyhd8ed1ab_0.conda
  sha256: 3ff11acdd5cc2f80227682966916e878e45ced94f59c402efb94911a5774e84e
  md5: db16c66b759a64dc5183d69cc3745a52
  depends:
  - python 2.7|>=3.6
  license: Apache-2.0
  license_family: APACHE
  size: 274915
  timestamp: 1702383349284
- kind: conda
  name: filelock
  version: 3.13.1
  build: pyhd8ed1ab_0
  subdir: noarch
  noarch: python
  url: https://conda.anaconda.org/conda-forge/noarch/filelock-3.13.1-pyhd8ed1ab_0.conda
  sha256: 4d742d91412d1f163e5399d2b50c5d479694ebcd309127abb549ca3977f89d2b
  md5: 0c1729b74a8152fde6a38ba0a2ab9f45
  depends:
  - python >=3.7
  license: Unlicense
  size: 15605
  timestamp: 1698715139726
- kind: conda
  name: gcc
  version: 12.3.0
  build: h95e488c_3
  build_number: 3
  subdir: linux-64
  url: https://conda.anaconda.org/conda-forge/linux-64/gcc-12.3.0-h95e488c_3.conda
  sha256: 60669bb79c79d6f6929c67b334acd9dc885dccfb7371e41de7626090dc06e408
  md5: 413e326f8a01d041ffbfbb51cea46a93
  depends:
  - gcc_impl_linux-64 12.3.0.*
  license: BSD-3-Clause
  license_family: BSD
  size: 27727
  timestamp: 1710259826549
- kind: conda
  name: gcc_impl_linux-64
  version: 12.3.0
  build: he2b93b0_5
  build_number: 5
  subdir: linux-64
  url: https://conda.anaconda.org/conda-forge/linux-64/gcc_impl_linux-64-12.3.0-he2b93b0_5.conda
  sha256: a87826c55e6aa2ed5d17f267e6a583f7951658afaa4bf45cd5ba97f5583608b9
  md5: e89827619e73df59496c708b94f6f3d5
  depends:
  - binutils_impl_linux-64 >=2.39
  - libgcc-devel_linux-64 12.3.0 h8bca6fd_105
  - libgcc-ng >=12.3.0
  - libgomp >=12.3.0
  - libsanitizer 12.3.0 h0f45ef3_5
  - libstdcxx-ng >=12.3.0
  - sysroot_linux-64
  license: GPL-3.0-only WITH GCC-exception-3.1
  license_family: GPL
  size: 51856676
  timestamp: 1706820019081
- kind: conda
  name: gcc_linux-64
  version: 12.3.0
  build: h6477408_3
  build_number: 3
  subdir: linux-64
  url: https://conda.anaconda.org/conda-forge/linux-64/gcc_linux-64-12.3.0-h6477408_3.conda
  sha256: 836692c3d4948f25a19f9071db40f7788edcb342d771786a206a6a122f92365d
  md5: 7a53f84c45bdf4656ba27b9e9ed68b3d
  depends:
  - binutils_linux-64 2.40 hdade7a5_3
  - gcc_impl_linux-64 12.3.0.*
  - sysroot_linux-64
  license: BSD-3-Clause
  license_family: BSD
  size: 30977
  timestamp: 1710260096918
- kind: conda
  name: gxx
  version: 12.3.0
  build: h95e488c_3
  build_number: 3
  subdir: linux-64
  url: https://conda.anaconda.org/conda-forge/linux-64/gxx-12.3.0-h95e488c_3.conda
  sha256: 12c8d969b1b6acf1bf4f7c7399993dd3d422a713ad6d7ab9343f6b990f8373a0
  md5: 8c50a4d15a8d4812af563a684d598910
  depends:
  - gcc 12.3.0.*
  - gxx_impl_linux-64 12.3.0.*
  license: BSD-3-Clause
  license_family: BSD
  size: 27244
  timestamp: 1710260136609
- kind: conda
  name: gxx_impl_linux-64
  version: 12.3.0
  build: he2b93b0_5
  build_number: 5
  subdir: linux-64
  url: https://conda.anaconda.org/conda-forge/linux-64/gxx_impl_linux-64-12.3.0-he2b93b0_5.conda
  sha256: 69371a1e8ad718b033bc1c58743a395e06ad19d08a2ff97e264ed82fd3ccbd9c
  md5: cddba8fd94e52012abea1caad722b9c2
  depends:
  - gcc_impl_linux-64 12.3.0 he2b93b0_5
  - libstdcxx-devel_linux-64 12.3.0 h8bca6fd_105
  - sysroot_linux-64
  license: GPL-3.0-only WITH GCC-exception-3.1
  license_family: GPL
  size: 12742481
  timestamp: 1706820327015
- kind: conda
  name: gxx_linux-64
  version: 12.3.0
  build: h4a1b8e8_3
  build_number: 3
  subdir: linux-64
  url: https://conda.anaconda.org/conda-forge/linux-64/gxx_linux-64-12.3.0-h4a1b8e8_3.conda
  sha256: 5a842fc69c03ac513a2c021f3f21afd9d9ca50b10b95c0dcd236aa77d6d42373
  md5: 9ec22c7c544f4a4f6d660f0a3b0fd15c
  depends:
  - binutils_linux-64 2.40 hdade7a5_3
  - gcc_linux-64 12.3.0 h6477408_3
  - gxx_impl_linux-64 12.3.0.*
  - sysroot_linux-64
  license: BSD-3-Clause
  license_family: BSD
  size: 29304
  timestamp: 1710260169322
- kind: conda
  name: identify
  version: 2.5.35
  build: pyhd8ed1ab_0
  subdir: noarch
  noarch: python
  url: https://conda.anaconda.org/conda-forge/noarch/identify-2.5.35-pyhd8ed1ab_0.conda
  sha256: 971683b13d1b820157bef9993c63dd8b0611d2d60fc4b522da163aee2e70e518
  md5: 9472bfd206a2b7bb8143835e37667054
  depends:
  - python >=3.6
  - ukkonen
  license: MIT
  license_family: MIT
  size: 78364
  timestamp: 1708283690891
- kind: conda
  name: kernel-headers_linux-64
  version: 2.6.32
  build: he073ed8_17
  build_number: 17
  subdir: noarch
  noarch: generic
  url: https://conda.anaconda.org/conda-forge/noarch/kernel-headers_linux-64-2.6.32-he073ed8_17.conda
  sha256: fb39d64b48f3d9d1acc3df208911a41f25b6a00bd54935d5973b4739a9edd5b6
  md5: d731b543793afc0433c4fd593e693fce
  constrains:
  - sysroot_linux-64 ==2.12
  license: LGPL-2.0-or-later AND LGPL-2.0-or-later WITH exceptions AND GPL-2.0-or-later AND MPL-2.0
  license_family: GPL
  size: 710627
  timestamp: 1708000830116
- kind: conda
  name: ld_impl_linux-64
  version: '2.40'
  build: h41732ed_0
  subdir: linux-64
  url: https://conda.anaconda.org/conda-forge/linux-64/ld_impl_linux-64-2.40-h41732ed_0.conda
  sha256: f6cc89d887555912d6c61b295d398cff9ec982a3417d38025c45d5dd9b9e79cd
  md5: 7aca3059a1729aa76c597603f10b0dd3
  constrains:
  - binutils_impl_linux-64 2.40
  license: GPL-3.0-only
  license_family: GPL
  size: 704696
  timestamp: 1674833944779
- kind: conda
  name: libexpat
  version: 2.6.1
  build: h59595ed_0
  subdir: linux-64
  url: https://conda.anaconda.org/conda-forge/linux-64/libexpat-2.6.1-h59595ed_0.conda
  sha256: 1c993845e8c25545565f50ab74511276a519e969acc406603e3f4539a14288b2
  md5: 476fb82aba5358a08d52ec44e286ce33
  depends:
  - libgcc-ng >=12
  constrains:
  - expat 2.6.1.*
  license: MIT
  license_family: MIT
  size: 73577
  timestamp: 1709746457532
- kind: conda
  name: libffi
  version: 3.4.2
  build: h7f98852_5
  build_number: 5
  subdir: linux-64
  url: https://conda.anaconda.org/conda-forge/linux-64/libffi-3.4.2-h7f98852_5.tar.bz2
  sha256: ab6e9856c21709b7b517e940ae7028ae0737546122f83c2aa5d692860c3b149e
  md5: d645c6d2ac96843a2bfaccd2d62b3ac3
  depends:
  - libgcc-ng >=9.4.0
  license: MIT
  license_family: MIT
  size: 58292
  timestamp: 1636488182923
- kind: conda
  name: libgcc-devel_linux-64
  version: 12.3.0
  build: h8bca6fd_105
  build_number: 105
  subdir: noarch
  noarch: generic
  url: https://conda.anaconda.org/conda-forge/noarch/libgcc-devel_linux-64-12.3.0-h8bca6fd_105.conda
  sha256: ed2dfc6d959dc27e7668439e1ad31b127b43e99f9a7e77a2d34b958fa797316b
  md5: e12ce6b051085b8f27e239f5e5f5bce5
  license: GPL-3.0-only WITH GCC-exception-3.1
  license_family: GPL
  size: 2568967
  timestamp: 1706819720613
- kind: conda
  name: libgcc-ng
  version: 13.2.0
  build: h807b86a_5
  build_number: 5
  subdir: linux-64
  url: https://conda.anaconda.org/conda-forge/linux-64/libgcc-ng-13.2.0-h807b86a_5.conda
  sha256: d32f78bfaac282cfe5205f46d558704ad737b8dbf71f9227788a5ca80facaba4
  md5: d4ff227c46917d3b4565302a2bbb276b
  depends:
  - _libgcc_mutex 0.1 conda_forge
  - _openmp_mutex >=4.5
  constrains:
  - libgomp 13.2.0 h807b86a_5
  license: GPL-3.0-only WITH GCC-exception-3.1
  license_family: GPL
  size: 770506
  timestamp: 1706819192021
- kind: conda
  name: libgomp
  version: 13.2.0
  build: h807b86a_5
  build_number: 5
  subdir: linux-64
  url: https://conda.anaconda.org/conda-forge/linux-64/libgomp-13.2.0-h807b86a_5.conda
  sha256: 0d3d4b1b0134283ea02d58e8eb5accf3655464cf7159abf098cc694002f8d34e
  md5: d211c42b9ce49aee3734fdc828731689
  depends:
  - _libgcc_mutex 0.1 conda_forge
  license: GPL-3.0-only WITH GCC-exception-3.1
  license_family: GPL
  size: 419751
  timestamp: 1706819107383
- kind: conda
  name: libnsl
  version: 2.0.1
  build: hd590300_0
  subdir: linux-64
  url: https://conda.anaconda.org/conda-forge/linux-64/libnsl-2.0.1-hd590300_0.conda
  sha256: 26d77a3bb4dceeedc2a41bd688564fe71bf2d149fdcf117049970bc02ff1add6
  md5: 30fd6e37fe21f86f4bd26d6ee73eeec7
  depends:
  - libgcc-ng >=12
  license: LGPL-2.1-only
  license_family: GPL
  size: 33408
  timestamp: 1697359010159
- kind: conda
  name: libsanitizer
  version: 12.3.0
  build: h0f45ef3_5
  build_number: 5
  subdir: linux-64
  url: https://conda.anaconda.org/conda-forge/linux-64/libsanitizer-12.3.0-h0f45ef3_5.conda
  sha256: 70329cb8b0604273521cdae63520cb364a8d5477e156e65cdbd810984caeabee
  md5: 11d1ceacff40054d5a74b12975d76f20
  depends:
  - libgcc-ng >=12.3.0
  license: GPL-3.0-only WITH GCC-exception-3.1
  license_family: GPL
  size: 3890717
  timestamp: 1706819904612
- kind: conda
  name: libsqlite
  version: 3.45.1
  build: h2797004_0
  subdir: linux-64
  url: https://conda.anaconda.org/conda-forge/linux-64/libsqlite-3.45.1-h2797004_0.conda
  sha256: 1b379d1c652b25d0540251d422ef767472e768fd36b77261045e97f9ba6d3faa
  md5: fc4ccadfbf6d4784de88c41704792562
  depends:
  - libgcc-ng >=12
  - libzlib >=1.2.13,<1.3.0a0
  license: Unlicense
  size: 859346
  timestamp: 1707495156652
- kind: conda
  name: libstdcxx-devel_linux-64
  version: 12.3.0
  build: h8bca6fd_105
  build_number: 105
  subdir: noarch
  noarch: generic
  url: https://conda.anaconda.org/conda-forge/noarch/libstdcxx-devel_linux-64-12.3.0-h8bca6fd_105.conda
  sha256: efcd4b4cba79cd0fb5a87757c7ca63171cf3b7b06446192364bae7defb50b94c
  md5: b3c6062c84a8e172555ee104ea6a01ab
  license: GPL-3.0-only WITH GCC-exception-3.1
  license_family: GPL
  size: 11597918
  timestamp: 1706819775415
- kind: conda
  name: libstdcxx-ng
  version: 13.2.0
  build: h7e041cc_5
  build_number: 5
  subdir: linux-64
  url: https://conda.anaconda.org/conda-forge/linux-64/libstdcxx-ng-13.2.0-h7e041cc_5.conda
  sha256: a56c5b11f1e73a86e120e6141a42d9e935a99a2098491ac9e15347a1476ce777
  md5: f6f6600d18a4047b54f803cf708b868a
  license: GPL-3.0-only WITH GCC-exception-3.1
  license_family: GPL
  size: 3834139
  timestamp: 1706819252496
- kind: conda
  name: libuuid
  version: 2.38.1
  build: h0b41bf4_0
  subdir: linux-64
  url: https://conda.anaconda.org/conda-forge/linux-64/libuuid-2.38.1-h0b41bf4_0.conda
  sha256: 787eb542f055a2b3de553614b25f09eefb0a0931b0c87dbcce6efdfd92f04f18
  md5: 40b61aab5c7ba9ff276c41cfffe6b80b
  depends:
  - libgcc-ng >=12
  license: BSD-3-Clause
  license_family: BSD
  size: 33601
  timestamp: 1680112270483
- kind: conda
  name: libxcrypt
  version: 4.4.36
  build: hd590300_1
  build_number: 1
  subdir: linux-64
  url: https://conda.anaconda.org/conda-forge/linux-64/libxcrypt-4.4.36-hd590300_1.conda
  sha256: 6ae68e0b86423ef188196fff6207ed0c8195dd84273cb5623b85aa08033a410c
  md5: 5aa797f8787fe7a17d1b0821485b5adc
  depends:
  - libgcc-ng >=12
  license: LGPL-2.1-or-later
  size: 100393
  timestamp: 1702724383534
- kind: conda
  name: libzlib
  version: 1.2.13
  build: hd590300_5
  build_number: 5
  subdir: linux-64
  url: https://conda.anaconda.org/conda-forge/linux-64/libzlib-1.2.13-hd590300_5.conda
  sha256: 370c7c5893b737596fd6ca0d9190c9715d89d888b8c88537ae1ef168c25e82e4
  md5: f36c115f1ee199da648e0597ec2047ad
  depends:
  - libgcc-ng >=12
  constrains:
  - zlib 1.2.13 *_5
  license: Zlib
  license_family: Other
  size: 61588
  timestamp: 1686575217516
- kind: conda
  name: meson
  version: 1.3.2
  build: pyhd8ed1ab_0
  subdir: noarch
  noarch: python
  url: https://conda.anaconda.org/conda-forge/noarch/meson-1.3.2-pyhd8ed1ab_0.conda
  sha256: 116e601c50c46571300ac61df83c8cc79b5b403576d761487b20a22bad631b30
  md5: 8d18c47cc233a35c81450ba1ce601eb4
  depends:
  - ninja >=1.8.2
  - python >=3.5.2
  - setuptools
  license: Apache-2.0
  license_family: APACHE
  size: 627610
  timestamp: 1707861487343
- kind: conda
  name: ncurses
  version: '6.4'
  build: h59595ed_2
  build_number: 2
  subdir: linux-64
  url: https://conda.anaconda.org/conda-forge/linux-64/ncurses-6.4-h59595ed_2.conda
  sha256: 91cc03f14caf96243cead96c76fe91ab5925a695d892e83285461fb927dece5e
  md5: 7dbaa197d7ba6032caf7ae7f32c1efa0
  depends:
  - libgcc-ng >=12
  license: X11 AND BSD-3-Clause
  size: 884434
  timestamp: 1698751260967
- kind: conda
  name: ninja
  version: 1.11.1
  build: h924138e_0
  subdir: linux-64
  url: https://conda.anaconda.org/conda-forge/linux-64/ninja-1.11.1-h924138e_0.conda
  sha256: b555247ac8859b4ff311e3d708a0640f1bfe9fae7125c485b444072474a84c41
  md5: 73a4953a2d9c115bdc10ff30a52f675f
  depends:
  - libgcc-ng >=12
  - libstdcxx-ng >=12
  license: Apache-2.0
  license_family: Apache
  size: 2251263
  timestamp: 1676837602636
- kind: conda
  name: nodeenv
  version: 1.8.0
  build: pyhd8ed1ab_0
  subdir: noarch
  noarch: python
  url: https://conda.anaconda.org/conda-forge/noarch/nodeenv-1.8.0-pyhd8ed1ab_0.conda
  sha256: 1320306234552717149f36f825ddc7e27ea295f24829e9db4cc6ceaff0b032bd
  md5: 2a75b296096adabbabadd5e9782e5fcc
  depends:
  - python 2.7|>=3.7
  - setuptools
  license: BSD-3-Clause
  license_family: BSD
  size: 34358
  timestamp: 1683893151613
- kind: conda
  name: openssl
  version: 3.2.1
  build: hd590300_0
  subdir: linux-64
  url: https://conda.anaconda.org/conda-forge/linux-64/openssl-3.2.1-hd590300_0.conda
  sha256: c02c12bdb898daacf7eb3d09859f93ea8f285fd1a6132ff6ff0493ab52c7fe57
  md5: 51a753e64a3027bd7e23a189b1f6e91e
  depends:
  - ca-certificates
  - libgcc-ng >=12
  constrains:
  - pyopenssl >=22.1
  license: Apache-2.0
  license_family: Apache
  size: 2863069
  timestamp: 1706635653339
- kind: conda
  name: platformdirs
  version: 4.2.0
  build: pyhd8ed1ab_0
  subdir: noarch
  noarch: python
  url: https://conda.anaconda.org/conda-forge/noarch/platformdirs-4.2.0-pyhd8ed1ab_0.conda
  sha256: 2ebfb971236ab825dd79dd6086ea742a9901008ffb9c6222c1f2b5172a8039d3
  md5: a0bc3eec34b0fab84be6b2da94e98e20
  depends:
  - python >=3.8
  license: MIT
  license_family: MIT
  size: 20210
  timestamp: 1706713564353
- kind: conda
  name: pre-commit
  version: 3.6.2
  build: pyha770c72_0
  subdir: noarch
  noarch: python
  url: https://conda.anaconda.org/conda-forge/noarch/pre-commit-3.6.2-pyha770c72_0.conda
  sha256: 8eb9f5965c37d2bbee9302e16cc7c5517ee06491986356112be13431a043681e
  md5: 61534ee57ffdf26d7b1b514d33daccc4
  depends:
  - cfgv >=2.0.0
  - identify >=1.0.0
  - nodeenv >=0.11.1
  - python >=3.9
  - pyyaml >=5.1
  - virtualenv >=20.10.0
  license: MIT
  license_family: MIT
  size: 179884
  timestamp: 1708284490635
- kind: conda
  name: pycparser
  version: '2.21'
  build: pyhd8ed1ab_0
  subdir: noarch
  noarch: python
  url: https://conda.anaconda.org/conda-forge/noarch/pycparser-2.21-pyhd8ed1ab_0.tar.bz2
  sha256: 74c63fd03f1f1ea2b54e8bc529fd1a600aaafb24027b738d0db87909ee3a33dc
  md5: 076becd9e05608f8dc72757d5f3a91ff
  depends:
  - python ==2.7.*|>=3.4
  license: BSD-3-Clause
  license_family: BSD
  size: 102747
  timestamp: 1636257201998
- kind: conda
  name: python
  version: 3.12.2
  build: hab00c5b_0_cpython
  subdir: linux-64
  url: https://conda.anaconda.org/conda-forge/linux-64/python-3.12.2-hab00c5b_0_cpython.conda
  sha256: ddb7a2d8d78046bda5d7631e6814f9468d2eb054e10f86f4648c9d1fdaa30c0f
  md5: ad7b68400f3a6ebe72b00be093c7f301
  depends:
  - bzip2 >=1.0.8,<2.0a0
  - ld_impl_linux-64 >=2.36.1
  - libexpat >=2.5.0,<3.0a0
  - libffi >=3.4,<4.0a0
  - libgcc-ng >=12
  - libnsl >=2.0.1,<2.1.0a0
  - libsqlite >=3.45.1,<4.0a0
  - libuuid >=2.38.1,<3.0a0
  - libxcrypt >=4.4.36
  - libzlib >=1.2.13,<1.3.0a0
  - ncurses >=6.4,<7.0a0
  - openssl >=3.2.1,<4.0a0
  - readline >=8.2,<9.0a0
  - tk >=8.6.13,<8.7.0a0
  - tzdata
  - xz >=5.2.6,<6.0a0
  constrains:
  - python_abi 3.12.* *_cp312
  license: Python-2.0
  size: 32312631
  timestamp: 1708118077305
- kind: conda
  name: python_abi
  version: '3.12'
  build: 4_cp312
  build_number: 4
  subdir: linux-64
  url: https://conda.anaconda.org/conda-forge/linux-64/python_abi-3.12-4_cp312.conda
  sha256: 182a329de10a4165f6e8a3804caf751f918f6ea6176dd4e5abcdae1ed3095bf6
  md5: dccc2d142812964fcc6abdc97b672dff
  constrains:
  - python 3.12.* *_cpython
  license: BSD-3-Clause
  license_family: BSD
  size: 6385
  timestamp: 1695147396604
- kind: conda
  name: pyyaml
  version: 6.0.1
  build: py312h98912ed_1
  build_number: 1
  subdir: linux-64
  url: https://conda.anaconda.org/conda-forge/linux-64/pyyaml-6.0.1-py312h98912ed_1.conda
  sha256: 7f347a10a7121b08d79d21cd4f438c07c23479ea0c74dfb89d6dc416f791bb7f
  md5: e3fd78d8d490af1d84763b9fe3f2e552
  depends:
  - libgcc-ng >=12
  - python >=3.12.0rc3,<3.13.0a0
  - python_abi 3.12.* *_cp312
  - yaml >=0.2.5,<0.3.0a0
  license: MIT
  license_family: MIT
  size: 196583
  timestamp: 1695373632212
- kind: conda
  name: readline
  version: '8.2'
  build: h8228510_1
  build_number: 1
  subdir: linux-64
  url: https://conda.anaconda.org/conda-forge/linux-64/readline-8.2-h8228510_1.conda
  sha256: 5435cf39d039387fbdc977b0a762357ea909a7694d9528ab40f005e9208744d7
  md5: 47d31b792659ce70f470b5c82fdfb7a4
  depends:
  - libgcc-ng >=12
  - ncurses >=6.3,<7.0a0
  license: GPL-3.0-only
  license_family: GPL
  size: 281456
  timestamp: 1679532220005
- kind: conda
  name: setuptools
  version: 69.1.1
  build: pyhd8ed1ab_0
  subdir: noarch
  noarch: python
  url: https://conda.anaconda.org/conda-forge/noarch/setuptools-69.1.1-pyhd8ed1ab_0.conda
  sha256: 7a6dca60efcaa42d0ebb784950bc16230a968256cb5048a4441cb34653b5ec58
  md5: 576de899521b7d43674ba3ef6eae9142
  depends:
  - python >=3.8
  license: MIT
  license_family: MIT
  size: 469644
  timestamp: 1708702431036
- kind: conda
  name: sysroot_linux-64
  version: '2.12'
  build: he073ed8_17
  build_number: 17
  subdir: noarch
  noarch: generic
  url: https://conda.anaconda.org/conda-forge/noarch/sysroot_linux-64-2.12-he073ed8_17.conda
  sha256: b4e4d685e41cb36cfb16f0cb15d2c61f8f94f56fab38987a44eff95d8a673fb5
  md5: 595db67e32b276298ff3d94d07d47fbf
  depends:
  - kernel-headers_linux-64 2.6.32 he073ed8_17
  license: LGPL-2.0-or-later AND LGPL-2.0-or-later WITH exceptions AND GPL-2.0-or-later AND MPL-2.0
  license_family: GPL
  size: 15127123
  timestamp: 1708000843849
- kind: conda
  name: tk
  version: 8.6.13
  build: noxft_h4845f30_101
  build_number: 101
  subdir: linux-64
  url: https://conda.anaconda.org/conda-forge/linux-64/tk-8.6.13-noxft_h4845f30_101.conda
  sha256: e0569c9caa68bf476bead1bed3d79650bb080b532c64a4af7d8ca286c08dea4e
  md5: d453b98d9c83e71da0741bb0ff4d76bc
  depends:
  - libgcc-ng >=12
  - libzlib >=1.2.13,<1.3.0a0
  license: TCL
  license_family: BSD
  size: 3318875
  timestamp: 1699202167581
- kind: conda
  name: tzdata
  version: 2024a
  build: h0c530f3_0
  subdir: noarch
  noarch: generic
  url: https://conda.anaconda.org/conda-forge/noarch/tzdata-2024a-h0c530f3_0.conda
  sha256: 7b2b69c54ec62a243eb6fba2391b5e443421608c3ae5dbff938ad33ca8db5122
  md5: 161081fc7cec0bfda0d86d7cb595f8d8
  license: LicenseRef-Public-Domain
  size: 119815
  timestamp: 1706886945727
- kind: conda
  name: ukkonen
  version: 1.0.1
  build: py312h8572e83_4
  build_number: 4
  subdir: linux-64
  url: https://conda.anaconda.org/conda-forge/linux-64/ukkonen-1.0.1-py312h8572e83_4.conda
  sha256: f9a4384d466f4d8b5b497d951329dd4407ebe02f8f93456434e9ab789d6e23ce
  md5: 52c9e25ee0a32485a102eeecdb7eef52
  depends:
  - cffi
  - libgcc-ng >=12
  - libstdcxx-ng >=12
  - python >=3.12.0rc3,<3.13.0a0
  - python_abi 3.12.* *_cp312
  license: MIT
  license_family: MIT
  size: 14050
  timestamp: 1695549556745
- kind: conda
  name: virtualenv
  version: 20.25.1
  build: pyhd8ed1ab_0
  subdir: noarch
  noarch: python
  url: https://conda.anaconda.org/conda-forge/noarch/virtualenv-20.25.1-pyhd8ed1ab_0.conda
  sha256: 1ced4445cf72cd9dc344ad04bdaf703a08cc428c8c46e4bda928ad79786ee153
  md5: 8797a4e26be36880a603aba29c785352
  depends:
  - distlib <1,>=0.3.7
  - filelock <4,>=3.12.2
  - platformdirs <5,>=3.9.1
  - python >=3.8
  license: MIT
  license_family: MIT
  size: 3148218
  timestamp: 1708602229963
- kind: conda
  name: xz
  version: 5.2.6
  build: h166bdaf_0
  subdir: linux-64
  url: https://conda.anaconda.org/conda-forge/linux-64/xz-5.2.6-h166bdaf_0.tar.bz2
  sha256: 03a6d28ded42af8a347345f82f3eebdd6807a08526d47899a42d62d319609162
  md5: 2161070d867d1b1204ea749c8eec4ef0
  depends:
  - libgcc-ng >=12
  license: LGPL-2.1 and GPL-2.0
  size: 418368
  timestamp: 1660346797927
- kind: conda
  name: yaml
  version: 0.2.5
  build: h7f98852_2
  build_number: 2
  subdir: linux-64
  url: https://conda.anaconda.org/conda-forge/linux-64/yaml-0.2.5-h7f98852_2.tar.bz2
  sha256: a4e34c710eeb26945bdbdaba82d3d74f60a78f54a874ec10d373811a5d217535
  md5: 4cb3ad778ec2d5a7acbdf254eb1c42ae
  depends:
  - libgcc-ng >=9.4.0
  license: MIT
  license_family: MIT
  size: 89141
  timestamp: 1641346969816
